// !$*UTF8*$!
{
	archiveVersion = 1;
	classes = {
	};
	objectVersion = 77;
	objects = {

/* Begin PBXContainerItemProxy section */
		D0F84C622FDBDB8500DE7196 /* PBXContainerItemProxy */ = {
			isa = PBXContainerItemProxy;
			containerPortal = D0F84C4C2FDBDB8400DE7196 /* Project object */;
			proxyType = 1;
			remoteGlobalIDString = D0F84C532FDBDB8400DE7196;
			remoteInfo = MacpleStory;
		};
		D0F84C6C2FDBDB8500DE7196 /* PBXContainerItemProxy */ = {
			isa = PBXContainerItemProxy;
			containerPortal = D0F84C4C2FDBDB8400DE7196 /* Project object */;
			proxyType = 1;
			remoteGlobalIDString = D0F84C532FDBDB8400DE7196;
			remoteInfo = MacpleStory;
		};
/* End PBXContainerItemProxy section */

/* Begin PBXFileReference section */
		D0F84C542FDBDB8400DE7196 /* MacpleStory.app */ = {isa = PBXFileReference; explicitFileType = wrapper.application; includeInIndex = 0; path = MacpleStory.app; sourceTree = BUILT_PRODUCTS_DIR; };
		D0F84C612FDBDB8500DE7196 /* MacpleStoryTests.xctest */ = {isa = PBXFileReference; explicitFileType = wrapper.cfbundle; includeInIndex = 0; path = MacpleStoryTests.xctest; sourceTree = BUILT_PRODUCTS_DIR; };
		D0F84C6B2FDBDB8500DE7196 /* MacpleStoryUITests.xctest */ = {isa = PBXFileReference; explicitFileType = wrapper.cfbundle; includeInIndex = 0; path = MacpleStoryUITests.xctest; sourceTree = BUILT_PRODUCTS_DIR; };
/* End PBXFileReference section */

/* Begin PBXFileSystemSynchronizedRootGroup section */
		D0F84C562FDBDB8400DE7196 /* MacpleStory */ = {
			isa = PBXFileSystemSynchronizedRootGroup;
			path = MacpleStory;
			sourceTree = "<group>";
		};
		D0F84C642FDBDB8500DE7196 /* MacpleStoryTests */ = {
			isa = PBXFileSystemSynchronizedRootGroup;
			path = MacpleStoryTests;
			sourceTree = "<group>";
		};
		D0F84C6E2FDBDB8500DE7196 /* MacpleStoryUITests */ = {
			isa = PBXFileSystemSynchronizedRootGroup;
			path = MacpleStoryUITests;
			sourceTree = "<group>";
		};
/* End PBXFileSystemSynchronizedRootGroup section */

/* Begin PBXFrameworksBuildPhase section */
		D0F84C512FDBDB8400DE7196 /* Frameworks */ = {
			isa = PBXFrameworksBuildPhase;
			buildActionMask = 2147483647;
			files = (
			);
			runOnlyForDeploymentPostprocessing = 0;
		};
		D0F84C5E2FDBDB8500DE7196 /* Frameworks */ = {
			isa = PBXFrameworksBuildPhase;
			buildActionMask = 2147483647;
			files = (
			);
			runOnlyForDeploymentPostprocessing = 0;
		};
		D0F84C682FDBDB8500DE7196 /* Frameworks */ = {
			isa = PBXFrameworksBuildPhase;
			buildActionMask = 2147483647;
			files = (
			);
			runOnlyForDeploymentPostprocessing = 0;
		};
/* End PBXFrameworksBuildPhase section */

/* Begin PBXGroup section */
		D0F84C4B2FDBDB8400DE7196 = {
			isa = PBXGroup;
			children = (
				D0F84C562FDBDB8400DE7196 /* MacpleStory */,
				D0F84C642FDBDB8500DE7196 /* MacpleStoryTests */,
				D0F84C6E2FDBDB8500DE7196 /* MacpleStoryUITests */,
				D0F84C552FDBDB8400DE7196 /* Products */,
			);
			sourceTree = "<group>";
		};
		D0F84C552FDBDB8400DE7196 /* Products */ = {
			isa = PBXGroup;
			children = (
				D0F84C542FDBDB8400DE7196 /* MacpleStory.app */,
				D0F84C612FDBDB8500DE7196 /* MacpleStoryTests.xctest */,
				D0F84C6B2FDBDB8500DE7196 /* MacpleStoryUITests.xctest */,
			);
			name = Products;
			sourceTree = "<group>";
		};
/* End PBXGroup section */

/* Begin PBXNativeTarget section */
		D0F84C532FDBDB8400DE7196 /* MacpleStory */ = {
			isa = PBXNativeTarget;
			buildConfigurationList = D0F84C752FDBDB8500DE7196 /* Build configuration list for PBXNativeTarget "MacpleStory" */;
			buildPhases = (
				D0F84C502FDBDB8400DE7196 /* Sources */,
				D0F84C512FDBDB8400DE7196 /* Frameworks */,
				D0F84C522FDBDB8400DE7196 /* Resources */,
			);
			buildRules = (
			);
			dependencies = (
			);
			fileSystemSynchronizedGroups = (
				D0F84C562FDBDB8400DE7196 /* MacpleStory */,
			);
			name = MacpleStory;
			packageProductDependencies = (
			);
			productName = MacpleStory;
			productReference = D0F84C542FDBDB8400DE7196 /* MacpleStory.app */;
			productType = "com.apple.product-type.application";
		};
		D0F84C602FDBDB8500DE7196 /* MacpleStoryTests */ = {
			isa = PBXNativeTarget;
			buildConfigurationList = D0F84C782FDBDB8500DE7196 /* Build configuration list for PBXNativeTarget "MacpleStoryTests" */;
			buildPhases = (
				D0F84C5D2FDBDB8500DE7196 /* Sources */,
				D0F84C5E2FDBDB8500DE7196 /* Frameworks */,
				D0F84C5F2FDBDB8500DE7196 /* Resources */,
			);
			buildRules = (
			);
			dependencies = (
				D0F84C632FDBDB8500DE7196 /* PBXTargetDependency */,
			);
			fileSystemSynchronizedGroups = (
				D0F84C642FDBDB8500DE7196 /* MacpleStoryTests */,
			);
			name = MacpleStoryTests;
			packageProductDependencies = (
			);
			productName = MacpleStoryTests;
			productReference = D0F84C612FDBDB8500DE7196 /* MacpleStoryTests.xctest */;
			productType = "com.apple.product-type.bundle.unit-test";
		};
		D0F84C6A2FDBDB8500DE7196 /* MacpleStoryUITests */ = {
			isa = PBXNativeTarget;
			buildConfigurationList = D0F84C7B2FDBDB8500DE7196 /* Build configuration list for PBXNativeTarget "MacpleStoryUITests" */;
			buildPhases = (
				D0F84C672FDBDB8500DE7196 /* Sources */,
				D0F84C682FDBDB8500DE7196 /* Frameworks */,
				D0F84C692FDBDB8500DE7196 /* Resources */,
			);
			buildRules = (
			);
			dependencies = (
				D0F84C6D2FDBDB8500DE7196 /* PBXTargetDependency */,
			);
			fileSystemSynchronizedGroups = (
				D0F84C6E2FDBDB8500DE7196 /* MacpleStoryUITests */,
			);
			name = MacpleStoryUITests;
			packageProductDependencies = (
			);
			productName = MacpleStoryUITests;
			productReference = D0F84C6B2FDBDB8500DE7196 /* MacpleStoryUITests.xctest */;
			productType = "com.apple.product-type.bundle.ui-testing";
		};
/* End PBXNativeTarget section */

/* Begin PBXProject section */
		D0F84C4C2FDBDB8400DE7196 /* Project object */ = {
			isa = PBXProject;
			attributes = {
				BuildIndependentTargetsInParallel = 1;
				LastSwiftUpdateCheck = 2650;
				LastUpgradeCheck = 2650;
				TargetAttributes = {
					D0F84C532FDBDB8400DE7196 = {
						CreatedOnToolsVersion = 26.5;
					};
					D0F84C602FDBDB8500DE7196 = {
						CreatedOnToolsVersion = 26.5;
						TestTargetID = D0F84C532FDBDB8400DE7196;
					};
					D0F84C6A2FDBDB8500DE7196 = {
						CreatedOnToolsVersion = 26.5;
						TestTargetID = D0F84C532FDBDB8400DE7196;
					};
				};
			};
			buildConfigurationList = D0F84C4F2FDBDB8400DE7196 /* Build configuration list for PBXProject "MacpleStory" */;
			developmentRegion = en;
			hasScannedForEncodings = 0;
			knownRegions = (
				en,
				Base,
			);
			mainGroup = D0F84C4B2FDBDB8400DE7196;
			minimizedProjectReferenceProxies = 1;
			preferredProjectObjectVersion = 77;
			productRefGroup = D0F84C552FDBDB8400DE7196 /* Products */;
			projectDirPath = "";
			projectRoot = "";
			targets = (
				D0F84C532FDBDB8400DE7196 /* MacpleStory */,
				D0F84C602FDBDB8500DE7196 /* MacpleStoryTests */,
				D0F84C6A2FDBDB8500DE7196 /* MacpleStoryUITests */,
			);
		};
/* End PBXProject section */

/* Begin PBXResourcesBuildPhase section */
		D0F84C522FDBDB8400DE7196 /* Resources */ = {
			isa = PBXResourcesBuildPhase;
			buildActionMask = 2147483647;
			files = (
			);
			runOnlyForDeploymentPostprocessing = 0;
		};
		D0F84C5F2FDBDB8500DE7196 /* Resources */ = {
			isa = PBXResourcesBuildPhase;
			buildActionMask = 2147483647;
			files = (
			);
			runOnlyForDeploymentPostprocessing = 0;
		};
		D0F84C692FDBDB8500DE7196 /* Resources */ = {
			isa = PBXResourcesBuildPhase;
			buildActionMask = 2147483647;
			files = (
			);
			runOnlyForDeploymentPostprocessing = 0;
		};
/* End PBXResourcesBuildPhase section */

/* Begin PBXSourcesBuildPhase section */
		D0F84C502FDBDB8400DE7196 /* Sources */ = {
			isa = PBXSourcesBuildPhase;
			buildActionMask = 2147483647;
			files = (
			);
			runOnlyForDeploymentPostprocessing = 0;
		};
		D0F84C5D2FDBDB8500DE7196 /* Sources */ = {
			isa = PBXSourcesBuildPhase;
			buildActionMask = 2147483647;
			files = (
			);
			runOnlyForDeploymentPostprocessing = 0;
		};
		D0F84C672FDBDB8500DE7196 /* Sources */ = {
			isa = PBXSourcesBuildPhase;
			buildActionMask = 2147483647;
			files = (
			);
			runOnlyForDeploymentPostprocessing = 0;
		};
/* End PBXSourcesBuildPhase section */

/* Begin PBXTargetDependency section */
		D0F84C632FDBDB8500DE7196 /* PBXTargetDependency */ = {
			isa = PBXTargetDependency;
			target = D0F84C532FDBDB8400DE7196 /* MacpleStory */;
			targetProxy = D0F84C622FDBDB8500DE7196 /* PBXContainerItemProxy */;
		};
		D0F84C6D2FDBDB8500DE7196 /* PBXTargetDependency */ = {
			isa = PBXTargetDependency;
			target = D0F84C532FDBDB8400DE7196 /* MacpleStory */;
			targetProxy = D0F84C6C2FDBDB8500DE7196 /* PBXContainerItemProxy */;
		};
/* End PBXTargetDependency section */

/* Begin XCBuildConfiguration section */
		D0F84C732FDBDB8500DE7196 /* Debug */ = {
			isa = XCBuildConfiguration;
			buildSettings = {
				ALWAYS_SEARCH_USER_PATHS = NO;
				ASSETCATALOG_COMPILER_GENERATE_SWIFT_ASSET_SYMBOL_EXTENSIONS = YES;
				CLANG_ANALYZER_NONNULL = YES;
				CLANG_ANALYZER_NUMBER_OBJECT_CONVERSION = YES_AGGRESSIVE;
				CLANG_CXX_LANGUAGE_STANDARD = "gnu++20";
				CLANG_ENABLE_MODULES = YES;
				CLANG_ENABLE_OBJC_ARC = YES;
				CLANG_ENABLE_OBJC_WEAK = YES;
				CLANG_WARN_BLOCK_CAPTURE_AUTORELEASING = YES;
				CLANG_WARN_BOOL_CONVERSION = YES;
				CLANG_WARN_COMMA = YES;
				CLANG_WARN_CONSTANT_CONVERSION = YES;
				CLANG_WARN_DEPRECATED_OBJC_IMPLEMENTATIONS = YES;
				CLANG_WARN_DIRECT_OBJC_ISA_USAGE = YES_ERROR;
				CLANG_WARN_DOCUMENTATION_COMMENTS = YES;
				CLANG_WARN_EMPTY_BODY = YES;
				CLANG_WARN_ENUM_CONVERSION = YES;
				CLANG_WARN_INFINITE_RECURSION = YES;
				CLANG_WARN_INT_CONVERSION = YES;
				CLANG_WARN_NON_LITERAL_NULL_CONVERSION = YES;
				CLANG_WARN_OBJC_IMPLICIT_RETAIN_SELF = YES;
				CLANG_WARN_OBJC_LITERAL_CONVERSION = YES;
				CLANG_WARN_OBJC_ROOT_CLASS = YES_ERROR;
				CLANG_WARN_QUOTED_INCLUDE_IN_FRAMEWORK_HEADER = YES;
				CLANG_WARN_RANGE_LOOP_ANALYSIS = YES;
				CLANG_WARN_STRICT_PROTOTYPES = YES;
				CLANG_WARN_SUSPICIOUS_MOVE = YES;
				CLANG_WARN_UNGUARDED_AVAILABILITY = YES_AGGRESSIVE;
				CLANG_WARN_UNREACHABLE_CODE = YES;
				CLANG_WARN__DUPLICATE_METHOD_MATCH = YES;
				COPY_PHASE_STRIP = NO;
				DEBUG_INFORMATION_FORMAT = dwarf;
				ENABLE_STRICT_OBJC_MSGSEND = YES;
				ENABLE_TESTABILITY = YES;
				ENABLE_USER_SCRIPT_SANDBOXING = YES;
				GCC_C_LANGUAGE_STANDARD = gnu17;
				GCC_DYNAMIC_NO_PIC = NO;
				GCC_NO_COMMON_BLOCKS = YES;
				GCC_OPTIMIZATION_LEVEL = 0;
				GCC_PREPROCESSOR_DEFINITIONS = (
					"DEBUG=1",
					"$(inherited)",
				);
				GCC_WARN_64_TO_32_BIT_CONVERSION = YES;
				GCC_WARN_ABOUT_RETURN_TYPE = YES_ERROR;
				GCC_WARN_UNDECLARED_SELECTOR = YES;
				GCC_WARN_UNINITIALIZED_AUTOS = YES_AGGRESSIVE;
				GCC_WARN_UNUSED_FUNCTION = YES;
				GCC_WARN_UNUSED_VARIABLE = YES;
				LOCALIZATION_PREFERS_STRING_CATALOGS = YES;
				MACOSX_DEPLOYMENT_TARGET = 26.5;
				MTL_ENABLE_DEBUG_INFO = INCLUDE_SOURCE;
				MTL_FAST_MATH = YES;
				ONLY_ACTIVE_ARCH = YES;
				SDKROOT = macosx;
				SWIFT_ACTIVE_COMPILATION_CONDITIONS = "DEBUG $(inherited)";
				SWIFT_OPTIMIZATION_LEVEL = "-Onone";
			};
			name = Debug;
		};
		D0F84C742FDBDB8500DE7196 /* Release */ = {
			isa = XCBuildConfiguration;
			buildSettings = {
				ALWAYS_SEARCH_USER_PATHS = NO;
				ASSETCATALOG_COMPILER_GENERATE_SWIFT_ASSET_SYMBOL_EXTENSIONS = YES;
				CLANG_ANALYZER_NONNULL = YES;
				CLANG_ANALYZER_NUMBER_OBJECT_CONVERSION = YES_AGGRESSIVE;
				CLANG_CXX_LANGUAGE_STANDARD = "gnu++20";
				CLANG_ENABLE_MODULES = YES;
				CLANG_ENABLE_OBJC_ARC = YES;
				CLANG_ENABLE_OBJC_WEAK = YES;
				CLANG_WARN_BLOCK_CAPTURE_AUTORELEASING = YES;
				CLANG_WARN_BOOL_CONVERSION = YES;
				CLANG_WARN_COMMA = YES;
				CLANG_WARN_CONSTANT_CONVERSION = YES;
				CLANG_WARN_DEPRECATED_OBJC_IMPLEMENTATIONS = YES;
				CLANG_WARN_DIRECT_OBJC_ISA_USAGE = YES_ERROR;
				CLANG_WARN_DOCUMENTATION_COMMENTS = YES;
				CLANG_WARN_EMPTY_BODY = YES;
				CLANG_WARN_ENUM_CONVERSION = YES;
				CLANG_WARN_INFINITE_RECURSION = YES;
				CLANG_WARN_INT_CONVERSION = YES;
				CLANG_WARN_NON_LITERAL_NULL_CONVERSION = YES;
				CLANG_WARN_OBJC_IMPLICIT_RETAIN_SELF = YES;
				CLANG_WARN_OBJC_LITERAL_CONVERSION = YES;
				CLANG_WARN_OBJC_ROOT_CLASS = YES_ERROR;
				CLANG_WARN_QUOTED_INCLUDE_IN_FRAMEWORK_HEADER = YES;
				CLANG_WARN_RANGE_LOOP_ANALYSIS = YES;
				CLANG_WARN_STRICT_PROTOTYPES = YES;
				CLANG_WARN_SUSPICIOUS_MOVE = YES;
				CLANG_WARN_UNGUARDED_AVAILABILITY = YES_AGGRESSIVE;
				CLANG_WARN_UNREACHABLE_CODE = YES;
				CLANG_WARN__DUPLICATE_METHOD_MATCH = YES;
				COPY_PHASE_STRIP = NO;
				DEBUG_INFORMATION_FORMAT = "dwarf-with-dsym";
				ENABLE_NS_ASSERTIONS = NO;
				ENABLE_STRICT_OBJC_MSGSEND = YES;
				ENABLE_USER_SCRIPT_SANDBOXING = YES;
				GCC_C_LANGUAGE_STANDARD = gnu17;
				GCC_NO_COMMON_BLOCKS = YES;
				GCC_WARN_64_TO_32_BIT_CONVERSION = YES;
				GCC_WARN_ABOUT_RETURN_TYPE = YES_ERROR;
				GCC_WARN_UNDECLARED_SELECTOR = YES;
				GCC_WARN_UNINITIALIZED_AUTOS = YES_AGGRESSIVE;
				GCC_WARN_UNUSED_FUNCTION = YES;
				GCC_WARN_UNUSED_VARIABLE = YES;
				LOCALIZATION_PREFERS_STRING_CATALOGS = YES;
				MACOSX_DEPLOYMENT_TARGET = 26.5;
				MTL_ENABLE_DEBUG_INFO = NO;
				MTL_FAST_MATH = YES;
				SDKROOT = macosx;
				SWIFT_COMPILATION_MODE = wholemodule;
			};
			name = Release;
		};
		D0F84C762FDBDB8500DE7196 /* Debug */ = {
			isa = XCBuildConfiguration;
			buildSettings = {
				ASSETCATALOG_COMPILER_APPICON_NAME = AppIcon;
				ASSETCATALOG_COMPILER_GLOBAL_ACCENT_COLOR_NAME = AccentColor;
				CODE_SIGN_STYLE = Automatic;
				COMBINE_HIDPI_IMAGES = YES;
				CURRENT_PROJECT_VERSION = 1;
				DEVELOPMENT_TEAM = 3ZQ8XMB65M;
				ENABLE_APP_SANDBOX = NO;
				ENABLE_PREVIEWS = YES;
				ENABLE_USER_SELECTED_FILES = readonly;
				GENERATE_INFOPLIST_FILE = YES;
				INFOPLIST_KEY_LSUIElement = YES;
				INFOPLIST_KEY_NSHumanReadableCopyright = "";
				INFOPLIST_KEY_NSUserNotificationAlertStyle = banner;
				LD_RUNPATH_SEARCH_PATHS = (
					"$(inherited)",
					"@executable_path/../Frameworks",
				);
				MARKETING_VERSION = 1.0;
				PRODUCT_BUNDLE_IDENTIFIER = hayangt.MacpleStory;
				PRODUCT_NAME = "$(TARGET_NAME)";
				REGISTER_APP_GROUPS = YES;
				STRING_CATALOG_GENERATE_SYMBOLS = YES;
				SWIFT_APPROACHABLE_CONCURRENCY = YES;
				SWIFT_DEFAULT_ACTOR_ISOLATION = MainActor;
				SWIFT_EMIT_LOC_STRINGS = YES;
				SWIFT_UPCOMING_FEATURE_MEMBER_IMPORT_VISIBILITY = YES;
				SWIFT_VERSION = 5.0;
				SWIFT_OBJC_BRIDGING_HEADER = "MacpleStory/Bridge/MacpleStory-Bridging-Header.h";
				HEADER_SEARCH_PATHS = "/opt/homebrew/opt/opencv/include/opencv4";
				LIBRARY_SEARCH_PATHS = "/opt/homebrew/opt/opencv/lib";
				OTHER_LDFLAGS = (
					"-lopencv_core",
					"-lopencv_imgproc",
				);
			};
			name = Debug;
		};
		D0F84C772FDBDB8500DE7196 /* Release */ = {
			isa = XCBuildConfiguration;
			buildSettings = {
				ASSETCATALOG_COMPILER_APPICON_NAME = AppIcon;
				ASSETCATALOG_COMPILER_GLOBAL_ACCENT_COLOR_NAME = AccentColor;
				CODE_SIGN_STYLE = Automatic;
				COMBINE_HIDPI_IMAGES = YES;
				CURRENT_PROJECT_VERSION = 1;
				DEVELOPMENT_TEAM = 3ZQ8XMB65M;
				ENABLE_APP_SANDBOX = NO;
				ENABLE_PREVIEWS = YES;
				ENABLE_USER_SELECTED_FILES = readonly;
				GENERATE_INFOPLIST_FILE = YES;
				INFOPLIST_KEY_LSUIElement = YES;
				INFOPLIST_KEY_NSHumanReadableCopyright = "";
				INFOPLIST_KEY_NSUserNotificationAlertStyle = banner;
				LD_RUNPATH_SEARCH_PATHS = (
					"$(inherited)",
					"@executable_path/../Frameworks",
				);
				MARKETING_VERSION = 1.0;
				PRODUCT_BUNDLE_IDENTIFIER = hayangt.MacpleStory;
				PRODUCT_NAME = "$(TARGET_NAME)";
				REGISTER_APP_GROUPS = YES;
				STRING_CATALOG_GENERATE_SYMBOLS = YES;
				SWIFT_APPROACHABLE_CONCURRENCY = YES;
				SWIFT_DEFAULT_ACTOR_ISOLATION = MainActor;
				SWIFT_EMIT_LOC_STRINGS = YES;
				SWIFT_UPCOMING_FEATURE_MEMBER_IMPORT_VISIBILITY = YES;
				SWIFT_VERSION = 5.0;
				SWIFT_OBJC_BRIDGING_HEADER = "MacpleStory/Bridge/MacpleStory-Bridging-Header.h";
				HEADER_SEARCH_PATHS = "/opt/homebrew/opt/opencv/include/opencv4";
				LIBRARY_SEARCH_PATHS = "/opt/homebrew/opt/opencv/lib";
				OTHER_LDFLAGS = (
					"-lopencv_core",
					"-lopencv_imgproc",
				);
			};
			name = Release;
		};
		D0F84C792FDBDB8500DE7196 /* Debug */ = {
			isa = XCBuildConfiguration;
			buildSettings = {
				BUNDLE_LOADER = "$(TEST_HOST)";
				CODE_SIGN_STYLE = Automatic;
				CURRENT_PROJECT_VERSION = 1;
				GENERATE_INFOPLIST_FILE = YES;
				MACOSX_DEPLOYMENT_TARGET = 26.5;
				MARKETING_VERSION = 1.0;
				PRODUCT_BUNDLE_IDENTIFIER = hayangt.MacpleStoryTests;
				PRODUCT_NAME = "$(TARGET_NAME)";
				STRING_CATALOG_GENERATE_SYMBOLS = NO;
				SWIFT_APPROACHABLE_CONCURRENCY = YES;
				SWIFT_EMIT_LOC_STRINGS = NO;
				SWIFT_UPCOMING_FEATURE_MEMBER_IMPORT_VISIBILITY = YES;
				SWIFT_VERSION = 5.0;
				TEST_HOST = "$(BUILT_PRODUCTS_DIR)/MacpleStory.app/$(BUNDLE_EXECUTABLE_FOLDER_PATH)/MacpleStory";
			};
			name = Debug;
		};
		D0F84C7A2FDBDB8500DE7196 /* Release */ = {
			isa = XCBuildConfiguration;
			buildSettings = {
				BUNDLE_LOADER = "$(TEST_HOST)";
				CODE_SIGN_STYLE = Automatic;
				CURRENT_PROJECT_VERSION = 1;
				GENERATE_INFOPLIST_FILE = YES;
				MACOSX_DEPLOYMENT_TARGET = 26.5;
				MARKETING_VERSION = 1.0;
				PRODUCT_BUNDLE_IDENTIFIER = hayangt.MacpleStoryTests;
				PRODUCT_NAME = "$(TARGET_NAME)";
				STRING_CATALOG_GENERATE_SYMBOLS = NO;
				SWIFT_APPROACHABLE_CONCURRENCY = YES;
				SWIFT_EMIT_LOC_STRINGS = NO;
				SWIFT_UPCOMING_FEATURE_MEMBER_IMPORT_VISIBILITY = YES;
				SWIFT_VERSION = 5.0;
				TEST_HOST = "$(BUILT_PRODUCTS_DIR)/MacpleStory.app/$(BUNDLE_EXECUTABLE_FOLDER_PATH)/MacpleStory";
			};
			name = Release;
		};
		D0F84C7C2FDBDB8500DE7196 /* Debug */ = {
			isa = XCBuildConfiguration;
			buildSettings = {
				CODE_SIGN_STYLE = Automatic;
				CURRENT_PROJECT_VERSION = 1;
				GENERATE_INFOPLIST_FILE = YES;
				MARKETING_VERSION = 1.0;
				PRODUCT_BUNDLE_IDENTIFIER = hayangt.MacpleStoryUITests;
				PRODUCT_NAME = "$(TARGET_NAME)";
				STRING_CATALOG_GENERATE_SYMBOLS = NO;
				SWIFT_APPROACHABLE_CONCURRENCY = YES;
				SWIFT_EMIT_LOC_STRINGS = NO;
				SWIFT_UPCOMING_FEATURE_MEMBER_IMPORT_VISIBILITY = YES;
				SWIFT_VERSION = 5.0;
				TEST_TARGET_NAME = MacpleStory;
			};
			name = Debug;
		};
		D0F84C7D2FDBDB8500DE7196 /* Release */ = {
			isa = XCBuildConfiguration;
			buildSettings = {
				CODE_SIGN_STYLE = Automatic;
				CURRENT_PROJECT_VERSION = 1;
				GENERATE_INFOPLIST_FILE = YES;
				MARKETING_VERSION = 1.0;
				PRODUCT_BUNDLE_IDENTIFIER = hayangt.MacpleStoryUITests;
				PRODUCT_NAME = "$(TARGET_NAME)";
				STRING_CATALOG_GENERATE_SYMBOLS = NO;
				SWIFT_APPROACHABLE_CONCURRENCY = YES;
				SWIFT_EMIT_LOC_STRINGS = NO;
				SWIFT_UPCOMING_FEATURE_MEMBER_IMPORT_VISIBILITY = YES;
				SWIFT_VERSION = 5.0;
				TEST_TARGET_NAME = MacpleStory;
			};
			name = Release;
		};
/* End XCBuildConfiguration section */

/* Begin XCConfigurationList section */
		D0F84C4F2FDBDB8400DE7196 /* Build configuration list for PBXProject "MacpleStory" */ = {
			isa = XCConfigurationList;
			buildConfigurations = (
				D0F84C732FDBDB8500DE7196 /* Debug */,
				D0F84C742FDBDB8500DE7196 /* Release */,
			);
			defaultConfigurationIsVisible = 0;
			defaultConfigurationName = Release;
		};
		D0F84C752FDBDB8500DE7196 /* Build configuration list for PBXNativeTarget "MacpleStory" */ = {
			isa = XCConfigurationList;
			buildConfigurations = (
				D0F84C762FDBDB8500DE7196 /* Debug */,
				D0F84C772FDBDB8500DE7196 /* Release */,
			);
			defaultConfigurationIsVisible = 0;
			defaultConfigurationName = Release;
		};
		D0F84C782FDBDB8500DE7196 /* Build configuration list for PBXNativeTarget "MacpleStoryTests" */ = {
			isa = XCConfigurationList;
			buildConfigurations = (
				D0F84C792FDBDB8500DE7196 /* Debug */,
				D0F84C7A2FDBDB8500DE7196 /* Release */,
			);
			defaultConfigurationIsVisible = 0;
			defaultConfigurationName = Release;
		};
		D0F84C7B2FDBDB8500DE7196 /* Build configuration list for PBXNativeTarget "MacpleStoryUITests" */ = {
			isa = XCConfigurationList;
			buildConfigurations = (
				D0F84C7C2FDBDB8500DE7196 /* Debug */,
				D0F84C7D2FDBDB8500DE7196 /* Release */,
			);
			defaultConfigurationIsVisible = 0;
			defaultConfigurationName = Release;
		};
/* End XCConfigurationList section */
	};
	rootObject = D0F84C4C2FDBDB8400DE7196 /* Project object */;
}
